{
  "object": {
    "pins": [
      {
        "package": "Wave",
        "repositoryURL": "https://github.com/jtrivedi/Wave.git",
        "state": {
          "branch": "main",
          "revision": "27b7e1d2d42b8a4f56d9e84213910b0441c8b810",
          "version": null
        }
      }
    ]
  },
  "version": 1
}
